{
    "_meta": {
        "hash": {
            "sha256": "44c6170f4b6b2a4268c5f48d575c79c05f47ccacfc8c133c22cffd7d1dea8977"
        },
        "pipfile-spec": 6,
        "requires": {
            "python_version": "3.12"
        },
        "sources": [
            {
                "name": "pypi",
                "url": "https://pypi.org/simple",
                "verify_ssl": true
            }
        ]
    },
    "default": {
        "click": {
            "hashes": [
                "sha256:27c491cc05d968d271d5a1db13e3b5a184636d9d930f148c50b038f0d0646202",
                "sha256:61a3265b914e850b85317d0b3109c7f8cd35a670f963866005d6ef1d5175a12b"
            ],
            "index": "pypi",
            "markers": "python_version >= '3.10'",
            "version": "==8.2.1"
        }
    },
    "develop": {}
}
